// !$*UTF8*$!
{
	archiveVersion = 1;
	classes = {
	};
	objectVersion = 46;
	objects = {

/* Begin PBXBuildFile section */
		2237E64A192B0177001E1393 /* Cocoa.framework in Frameworks */ = {isa = PBXBuildFile; fileRef = 2237E649192B0177001E1393 /* Cocoa.framework */; };
		2237E67E192B0186001E1393 /* WebKit.framework in Frameworks */ = {isa = PBXBuildFile; fileRef = 2237E67D192B0186001E1393 /* WebKit.framework */; };
		2237E680192B018D001E1393 /* JavaScriptCore.framework in Frameworks */ = {isa = PBXBuildFile; fileRef = 2237E67F192B018D001E1393 /* JavaScriptCore.framework */; };
		2237E6EF192BAF85001E1393 /* public in Resources */ = {isa = PBXBuildFile; fileRef = 2237E6EE192BAF85001E1393 /* public */; };
/* End PBXBuildFile section */

/* Begin PBXFileReference section */
		2237E646192B0177001E1393 /* Kiddo-Trello.app */ = {isa = PBXFileReference; explicitFileType = wrapper.application; includeInIndex = 0; path = "Kiddo-Trello.app"; sourceTree = BUILT_PRODUCTS_DIR; };
		2237E649192B0177001E1393 /* Cocoa.framework */ = {isa = PBXFileReference; lastKnownFileType = wrapper.framework; name = Cocoa.framework; path = System/Library/Frameworks/Cocoa.framework; sourceTree = SDKROOT; };
		2237E64C192B0177001E1393 /* AppKit.framework */ = {isa = PBXFileReference; lastKnownFileType = wrapper.framework; name = AppKit.framework; path = System/Library/Frameworks/AppKit.framework; sourceTree = SDKROOT; };
		2237E64D192B0177001E1393 /* CoreData.framework */ = {isa = PBXFileReference; lastKnownFileType = wrapper.framework; name = CoreData.framework; path = System/Library/Frameworks/CoreData.framework; sourceTree = SDKROOT; };
		2237E64E192B0177001E1393 /* Foundation.framework */ = {isa = PBXFileReference; lastKnownFileType = wrapper.framework; name = Foundation.framework; path = System/Library/Frameworks/Foundation.framework; sourceTree = SDKROOT; };
		2237E668192B0177001E1393 /* XCTest.framework */ = {isa = PBXFileReference; lastKnownFileType = wrapper.framework; name = XCTest.framework; path = Library/Frameworks/XCTest.framework; sourceTree = DEVELOPER_DIR; };
		2237E67D192B0186001E1393 /* WebKit.framework */ = {isa = PBXFileReference; lastKnownFileType = wrapper.framework; name = WebKit.framework; path = System/Library/Frameworks/WebKit.framework; sourceTree = SDKROOT; };
		2237E67F192B018D001E1393 /* JavaScriptCore.framework */ = {isa = PBXFileReference; lastKnownFileType = wrapper.framework; name = JavaScriptCore.framework; path = System/Library/Frameworks/JavaScriptCore.framework; sourceTree = SDKROOT; };
		2237E6EE192BAF85001E1393 /* public */ = {isa = PBXFileReference; lastKnownFileType = folder; path = public; sourceTree = "<group>"; };
/* End PBXFileReference section */

/* Begin PBXFrameworksBuildPhase section */
		2237E643192B0177001E1393 /* Frameworks */ = {
			isa = PBXFrameworksBuildPhase;
			buildActionMask = 2147483647;
			files = (
				2237E680192B018D001E1393 /* JavaScriptCore.framework in Frameworks */,
				2237E67E192B0186001E1393 /* WebKit.framework in Frameworks */,
				2237E64A192B0177001E1393 /* Cocoa.framework in Frameworks */,
			);
			runOnlyForDeploymentPostprocessing = 0;
		};
/* End PBXFrameworksBuildPhase section */

/* Begin PBXGroup section */
		2237E63D192B0177001E1393 = {
			isa = PBXGroup;
			children = (
				2237E6EE192BAF85001E1393 /* public */,
				2237E648192B0177001E1393 /* Frameworks */,
				2237E647192B0177001E1393 /* Products */,
			);
			sourceTree = "<group>";
		};
		2237E647192B0177001E1393 /* Products */ = {
			isa = PBXGroup;
			children = (
				2237E646192B0177001E1393 /* Kiddo-Trello.app */,
			);
			name = Products;
			sourceTree = "<group>";
		};
		2237E648192B0177001E1393 /* Frameworks */ = {
			isa = PBXGroup;
			children = (
				2237E67F192B018D001E1393 /* JavaScriptCore.framework */,
				2237E67D192B0186001E1393 /* WebKit.framework */,
				2237E649192B0177001E1393 /* Cocoa.framework */,
				2237E668192B0177001E1393 /* XCTest.framework */,
				2237E64B192B0177001E1393 /* Other Frameworks */,
			);
			name = Frameworks;
			sourceTree = "<group>";
		};
		2237E64B192B0177001E1393 /* Other Frameworks */ = {
			isa = PBXGroup;
			children = (
				2237E64C192B0177001E1393 /* AppKit.framework */,
				2237E64D192B0177001E1393 /* CoreData.framework */,
				2237E64E192B0177001E1393 /* Foundation.framework */,
			);
			name = "Other Frameworks";
			sourceTree = "<group>";
		};
/* End PBXGroup section */

/* Begin PBXNativeTarget section */
		2237E645192B0177001E1393 /* Kiddo-Trello */ = {
			isa = PBXNativeTarget;
			buildConfigurationList = 2237E677192B0177001E1393 /* Build configuration list for PBXNativeTarget "Kiddo-Trello" */;
			buildPhases = (
				2237E642192B0177001E1393 /* Sources */,
				2237E643192B0177001E1393 /* Frameworks */,
				2237E644192B0177001E1393 /* Resources */,
			);
			buildRules = (
			);
			dependencies = (
			);
			name = "Kiddo-Trello";
			productName = MG;
			productReference = 2237E646192B0177001E1393 /* Kiddo-Trello.app */;
			productType = "com.apple.product-type.application";
		};
/* End PBXNativeTarget section */

/* Begin PBXProject section */
		2237E63E192B0177001E1393 /* Project object */ = {
			isa = PBXProject;
			attributes = {
				LastUpgradeCheck = 0510;
			};
			buildConfigurationList = 2237E641192B0177001E1393 /* Build configuration list for PBXProject "Kiddo-Trello" */;
			compatibilityVersion = "Xcode 3.2";
			developmentRegion = English;
			hasScannedForEncodings = 0;
			knownRegions = (
				en,
				Base,
			);
			mainGroup = 2237E63D192B0177001E1393;
			productRefGroup = 2237E647192B0177001E1393 /* Products */;
			projectDirPath = "";
			projectRoot = "";
			targets = (
				2237E645192B0177001E1393 /* Kiddo-Trello */,
			);
		};
/* End PBXProject section */

/* Begin PBXResourcesBuildPhase section */
		2237E644192B0177001E1393 /* Resources */ = {
			isa = PBXResourcesBuildPhase;
			buildActionMask = 2147483647;
			files = (
				2237E6EF192BAF85001E1393 /* public in Resources */,
			);
			runOnlyForDeploymentPostprocessing = 0;
		};
/* End PBXResourcesBuildPhase section */

/* Begin PBXSourcesBuildPhase section */
		2237E642192B0177001E1393 /* Sources */ = {
			isa = PBXSourcesBuildPhase;
			buildActionMask = 2147483647;
			files = (
			);
			runOnlyForDeploymentPostprocessing = 0;
		};
/* End PBXSourcesBuildPhase section */

/* Begin XCBuildConfiguration section */
		2237E675192B0177001E1393 /* Debug */ = {
			isa = XCBuildConfiguration;
			buildSettings = {
				ALWAYS_SEARCH_USER_PATHS = NO;
				CLANG_CXX_LANGUAGE_STANDARD = "gnu++0x";
				CLANG_CXX_LIBRARY = "libc++";
				CLANG_ENABLE_MODULES = YES;
				CLANG_ENABLE_OBJC_ARC = YES;
				CLANG_WARN_BOOL_CONVERSION = YES;
				CLANG_WARN_CONSTANT_CONVERSION = YES;
				CLANG_WARN_DIRECT_OBJC_ISA_USAGE = YES_ERROR;
				CLANG_WARN_EMPTY_BODY = YES;
				CLANG_WARN_ENUM_CONVERSION = YES;
				CLANG_WARN_INT_CONVERSION = YES;
				CLANG_WARN_OBJC_ROOT_CLASS = YES_ERROR;
				CLANG_WARN__DUPLICATE_METHOD_MATCH = YES;
				COPY_PHASE_STRIP = NO;
				DEBUG_INFORMATION_FORMAT = "dwarf-with-dsym";
				GCC_C_LANGUAGE_STANDARD = gnu99;
				GCC_DYNAMIC_NO_PIC = NO;
				GCC_ENABLE_OBJC_EXCEPTIONS = YES;
				GCC_OPTIMIZATION_LEVEL = 0;
				GCC_PREPROCESSOR_DEFINITIONS = (
					"DEBUG=1",
					"$(inherited)",
				);
				GCC_SYMBOLS_PRIVATE_EXTERN = NO;
				GCC_WARN_64_TO_32_BIT_CONVERSION = YES;
				GCC_WARN_ABOUT_RETURN_TYPE = YES_ERROR;
				GCC_WARN_UNDECLARED_SELECTOR = YES;
				GCC_WARN_UNINITIALIZED_AUTOS = YES_AGGRESSIVE;
				GCC_WARN_UNUSED_FUNCTION = YES;
				GCC_WARN_UNUSED_VARIABLE = YES;
				MACOSX_DEPLOYMENT_TARGET = 10.9;
				ONLY_ACTIVE_ARCH = YES;
				SDKROOT = macosx;
			};
			name = Debug;
		};
		2237E676192B0177001E1393 /* Release */ = {
			isa = XCBuildConfiguration;
			buildSettings = {
				ALWAYS_SEARCH_USER_PATHS = NO;
				CLANG_CXX_LANGUAGE_STANDARD = "gnu++0x";
				CLANG_CXX_LIBRARY = "libc++";
				CLANG_ENABLE_MODULES = YES;
				CLANG_ENABLE_OBJC_ARC = YES;
				CLANG_WARN_BOOL_CONVERSION = YES;
				CLANG_WARN_CONSTANT_CONVERSION = YES;
				CLANG_WARN_DIRECT_OBJC_ISA_USAGE = YES_ERROR;
				CLANG_WARN_EMPTY_BODY = YES;
				CLANG_WARN_ENUM_CONVERSION = YES;
				CLANG_WARN_INT_CONVERSION = YES;
				CLANG_WARN_OBJC_ROOT_CLASS = YES_ERROR;
				CLANG_WARN__DUPLICATE_METHOD_MATCH = YES;
				COPY_PHASE_STRIP = YES;
				DEBUG_INFORMATION_FORMAT = "dwarf-with-dsym";
				ENABLE_NS_ASSERTIONS = NO;
				GCC_C_LANGUAGE_STANDARD = gnu99;
				GCC_ENABLE_OBJC_EXCEPTIONS = YES;
				GCC_WARN_64_TO_32_BIT_CONVERSION = YES;
				GCC_WARN_ABOUT_RETURN_TYPE = YES_ERROR;
				GCC_WARN_UNDECLARED_SELECTOR = YES;
				GCC_WARN_UNINITIALIZED_AUTOS = YES_AGGRESSIVE;
				GCC_WARN_UNUSED_FUNCTION = YES;
				GCC_WARN_UNUSED_VARIABLE = YES;
				MACOSX_DEPLOYMENT_TARGET = 10.9;
				SDKROOT = macosx;
			};
			name = Release;
		};
		2237E678192B0177001E1393 /* Debug */ = {
			isa = XCBuildConfiguration;
			buildSettings = {
				ASSETCATALOG_COMPILER_APPICON_NAME = AppIcon;
				COMBINE_HIDPI_IMAGES = YES;
				GCC_PRECOMPILE_PREFIX_HEADER = YES;
				GCC_PREFIX_HEADER = "KiddoLabs/Kiddo-Trello-Prefix.pch";
				INFOPLIST_FILE = "KiddoLabs/Kiddo-Trello-Info.plist";
				PRODUCT_NAME = "Kiddo-Trello";
				WRAPPER_EXTENSION = app;
			};
			name = Debug;
		};
		2237E679192B0177001E1393 /* Release */ = {
			isa = XCBuildConfiguration;
			buildSettings = {
				ASSETCATALOG_COMPILER_APPICON_NAME = AppIcon;
				COMBINE_HIDPI_IMAGES = YES;
				GCC_PRECOMPILE_PREFIX_HEADER = YES;
				GCC_PREFIX_HEADER = "KiddoLabs/Kiddo-Trello-Prefix.pch";
				INFOPLIST_FILE = "KiddoLabs/Kiddo-Trello-Info.plist";
				PRODUCT_NAME = "Kiddo-Trello";
				WRAPPER_EXTENSION = app;
			};
			name = Release;
		};
/* End XCBuildConfiguration section */

/* Begin XCConfigurationList section */
		2237E641192B0177001E1393 /* Build configuration list for PBXProject "Kiddo-Trello" */ = {
			isa = XCConfigurationList;
			buildConfigurations = (
				2237E675192B0177001E1393 /* Debug */,
				2237E676192B0177001E1393 /* Release */,
			);
			defaultConfigurationIsVisible = 0;
			defaultConfigurationName = Release;
		};
		2237E677192B0177001E1393 /* Build configuration list for PBXNativeTarget "Kiddo-Trello" */ = {
			isa = XCConfigurationList;
			buildConfigurations = (
				2237E678192B0177001E1393 /* Debug */,
				2237E679192B0177001E1393 /* Release */,
			);
			defaultConfigurationIsVisible = 0;
			defaultConfigurationName = Release;
		};
/* End XCConfigurationList section */
	};
	rootObject = 2237E63E192B0177001E1393 /* Project object */;
}
